
Microsoft Visual Studio Solution File, Format Version 12.00
# Visual Studio Version 17
VisualStudioVersion = 17.0.31903.59
MinimumVisualStudioVersion = 10.0.40219.1
Project("{FAE04EC0-301F-11D3-BF4B-00C04F79EFBC}") = "CRUD", "CRUD\CRUD.csproj", "{334F2830-0D3B-49F0-96C2-6CE5C04F4089}"
EndProject
Global
	GlobalSection(SolutionConfigurationPlatforms) = preSolution
		Debug|Any CPU = Debug|Any CPU
		Release|Any CPU = Release|Any CPU
	EndGlobalSection
	GlobalSection(ProjectConfigurationPlatforms) = postSolution
		{334F2830-0D3B-49F0-96C2-6CE5C04F4089}.Debug|Any CPU.ActiveCfg = Debug|Any CPU
		{334F2830-0D3B-49F0-96C2-6CE5C04F4089}.Debug|Any CPU.Build.0 = Debug|Any CPU
		{334F2830-0D3B-49F0-96C2-6CE5C04F4089}.Release|Any CPU.ActiveCfg = Release|Any CPU
		{334F2830-0D3B-49F0-96C2-6CE5C04F4089}.Release|Any CPU.Build.0 = Release|Any CPU
	EndGlobalSection
	GlobalSection(SolutionProperties) = preSolution
		HideSolutionNode = FALSE
	EndGlobalSection
	GlobalSection(ExtensibilityGlobals) = postSolution
		SolutionGuid = {010A9E7F-64D5-4679-83CE-D8747B4AA5E9}
	EndGlobalSection
EndGlobal
